
Microsoft Visual Studio Solution File, Format Version 12.00
# Visual Studio Version 16
VisualStudioVersion = 16.0.28803.352
MinimumVisualStudioVersion = 10.0.40219.1
Project("{9092AA53-FB77-4645-B42D-1CCCA6BD08BD}") = "leaveApi", "leaveApi.njsproj", "{B470EA12-260D-4BDF-9D2B-35A8882B3E90}"
EndProject
Global
	GlobalSection(SolutionConfigurationPlatforms) = preSolution
		Debug|Any CPU = Debug|Any CPU
		Release|Any CPU = Release|Any CPU
	EndGlobalSection
	GlobalSection(ProjectConfigurationPlatforms) = postSolution
		{B470EA12-260D-4BDF-9D2B-35A8882B3E90}.Debug|Any CPU.ActiveCfg = Debug|Any CPU
		{B470EA12-260D-4BDF-9D2B-35A8882B3E90}.Debug|Any CPU.Build.0 = Debug|Any CPU
		{B470EA12-260D-4BDF-9D2B-35A8882B3E90}.Release|Any CPU.ActiveCfg = Release|Any CPU
		{B470EA12-260D-4BDF-9D2B-35A8882B3E90}.Release|Any CPU.Build.0 = Release|Any CPU
	EndGlobalSection
	GlobalSection(SolutionProperties) = preSolution
		HideSolutionNode = FALSE
	EndGlobalSection
	GlobalSection(ExtensibilityGlobals) = postSolution
		SolutionGuid = {07652EAD-3A63-4B1E-84C7-746C71C853F3}
	EndGlobalSection
EndGlobal
